
Microsoft Visual Studio Solution File, Format Version 12.00
# Visual Studio 15
VisualStudioVersion = 15.0.26430.14
MinimumVisualStudioVersion = 10.0.40219.1
Project("{FAE04EC0-301F-11D3-BF4B-00C04F79EFBC}") = "NewAereo", "NewAereo\NewAereo.csproj", "{5281FEE3-F2FF-4FF5-B818-F2FBA6B2242D}"
EndProject
Global
	GlobalSection(SolutionConfigurationPlatforms) = preSolution
		Debug|Any CPU = Debug|Any CPU
		Release|Any CPU = Release|Any CPU
	EndGlobalSection
	GlobalSection(ProjectConfigurationPlatforms) = postSolution
		{5281FEE3-F2FF-4FF5-B818-F2FBA6B2242D}.Debug|Any CPU.ActiveCfg = Debug|Any CPU
		{5281FEE3-F2FF-4FF5-B818-F2FBA6B2242D}.Debug|Any CPU.Build.0 = Debug|Any CPU
		{5281FEE3-F2FF-4FF5-B818-F2FBA6B2242D}.Release|Any CPU.ActiveCfg = Release|Any CPU
		{5281FEE3-F2FF-4FF5-B818-F2FBA6B2242D}.Release|Any CPU.Build.0 = Release|Any CPU
	EndGlobalSection
	GlobalSection(SolutionProperties) = preSolution
		HideSolutionNode = FALSE
	EndGlobalSection
EndGlobal
